
Microsoft Visual Studio Solution File, Format Version 12.00
# Visual Studio Version 16
VisualStudioVersion = 16.0.30711.63
MinimumVisualStudioVersion = 10.0.40219.1
Project("{FAE04EC0-301F-11D3-BF4B-00C04F79EFBC}") = "BankEncapsulation", "BankEncapsulation.csproj", "{8125E96F-BCE9-4FE9-B5B5-3A7FE5B57BDB}"
EndProject
Global
	GlobalSection(SolutionConfigurationPlatforms) = preSolution
		Debug|Any CPU = Debug|Any CPU
		Release|Any CPU = Release|Any CPU
	EndGlobalSection
	GlobalSection(ProjectConfigurationPlatforms) = postSolution
		{8125E96F-BCE9-4FE9-B5B5-3A7FE5B57BDB}.Debug|Any CPU.ActiveCfg = Debug|Any CPU
		{8125E96F-BCE9-4FE9-B5B5-3A7FE5B57BDB}.Debug|Any CPU.Build.0 = Debug|Any CPU
		{8125E96F-BCE9-4FE9-B5B5-3A7FE5B57BDB}.Release|Any CPU.ActiveCfg = Release|Any CPU
		{8125E96F-BCE9-4FE9-B5B5-3A7FE5B57BDB}.Release|Any CPU.Build.0 = Release|Any CPU
	EndGlobalSection
	GlobalSection(SolutionProperties) = preSolution
		HideSolutionNode = FALSE
	EndGlobalSection
	GlobalSection(ExtensibilityGlobals) = postSolution
		SolutionGuid = {EAAD03E3-781E-4756-BAFE-21D6C104F965}
	EndGlobalSection
EndGlobal
